
Microsoft Visual Studio Solution File, Format Version 12.00
# Visual Studio Version 17
VisualStudioVersion = 17.3.32929.385
MinimumVisualStudioVersion = 10.0.40219.1
Project("{FAE04EC0-301F-11D3-BF4B-00C04F79EFBC}") = "RootingService", "RootingService\RootingService.csproj", "{7519B5E9-83F9-4E6A-9DD8-34EDD0102D9C}"
EndProject
Global
	GlobalSection(SolutionConfigurationPlatforms) = preSolution
		Debug|Any CPU = Debug|Any CPU
		Release|Any CPU = Release|Any CPU
	EndGlobalSection
	GlobalSection(ProjectConfigurationPlatforms) = postSolution
		{7519B5E9-83F9-4E6A-9DD8-34EDD0102D9C}.Debug|Any CPU.ActiveCfg = Debug|Any CPU
		{7519B5E9-83F9-4E6A-9DD8-34EDD0102D9C}.Debug|Any CPU.Build.0 = Debug|Any CPU
		{7519B5E9-83F9-4E6A-9DD8-34EDD0102D9C}.Release|Any CPU.ActiveCfg = Release|Any CPU
		{7519B5E9-83F9-4E6A-9DD8-34EDD0102D9C}.Release|Any CPU.Build.0 = Release|Any CPU
	EndGlobalSection
	GlobalSection(SolutionProperties) = preSolution
		HideSolutionNode = FALSE
	EndGlobalSection
	GlobalSection(ExtensibilityGlobals) = postSolution
		SolutionGuid = {8A4540A8-4714-4575-A0AC-C90B41AFCAE9}
	EndGlobalSection
EndGlobal
